
Microsoft Visual Studio Solution File, Format Version 12.00
# Visual Studio Version 17
VisualStudioVersion = 17.4.33110.190
MinimumVisualStudioVersion = 10.0.40219.1
Project("{8BC9CEB8-8B4A-11D0-8D11-00A0C91BC942}") = "MyFirstApp", "MyFirstApp\MyFirstApp.vcxproj", "{CF4E7435-B2BC-4043-8BA3-BC41C919804F}"
EndProject
Project("{8BC9CEB8-8B4A-11D0-8D11-00A0C91BC942}") = "Section6Challenge-CarpetCleaningService", "..\Section6Challenge-CarpetCleaningService\Section6Challenge-CarpetCleaningService.vcxproj", "{C51EACAB-AAEC-4E68-B846-BCAD9E408D3F}"
EndProject
Project("{8BC9CEB8-8B4A-11D0-8D11-00A0C91BC942}") = "Section7Challenge-Vectors", "..\Section7Challenge-Vectors\Section7Challenge-Vectors.vcxproj", "{DBBE5DA5-9638-4C6F-B5A6-94644A59D8E8}"
EndProject
Project("{8BC9CEB8-8B4A-11D0-8D11-00A0C91BC942}") = "Section8Challenge-ProvideChange", "..\Section8Challenge-ProvideChange\Section8Challenge-ProvideChange.vcxproj", "{43D78054-F057-4439-B8E4-05CB1496915F}"
EndProject
Project("{8BC9CEB8-8B4A-11D0-8D11-00A0C91BC942}") = "Section9Challenge-ControllingProgramFlow", "..\Section9Challenge-ControllingProgramFlow\Section9Challenge-ControllingProgramFlow.vcxproj", "{5990B9C8-5513-438E-AA33-6D4DE5EFEC12}"
EndProject
Project("{8BC9CEB8-8B4A-11D0-8D11-00A0C91BC942}") = "Section10Challenge-CharsAndStrings", "..\Section10Challenge-CharsAndStrings\Section10Challenge-CharsAndStrings.vcxproj", "{5A7AB56F-9CD2-440D-B87B-3B655DCF0E50}"
EndProject
Project("{8BC9CEB8-8B4A-11D0-8D11-00A0C91BC942}") = "Section11Challenge-Functions", "..\Section11Challenge-Functions\Section11Challenge-Functions.vcxproj", "{DA61E439-595B-49EC-BCE9-C4A7D9D81A7E}"
EndProject
Project("{8BC9CEB8-8B4A-11D0-8D11-00A0C91BC942}") = "Section12Challenge-PointersAndReferences", "..\Section12Challenge-PointersAndReferences\Section12Challenge-PointersAndReferences.vcxproj", "{3733377D-07D0-442C-9F5C-4121B4164EC9}"
EndProject
Project("{8BC9CEB8-8B4A-11D0-8D11-00A0C91BC942}") = "Section13Challenge-ClassesAndObj", "..\Section13Challenge-ClassesAndObj\Section13Challenge-ClassesAndObj.vcxproj", "{41295AE2-DDB7-4A9A-AADC-08EB29C675D6}"
EndProject
Project("{8BC9CEB8-8B4A-11D0-8D11-00A0C91BC942}") = "Section14Challenge-OperatorOverloading", "..\Section14Challenge-OperatorOverloading\Section14Challenge-OperatorOverloading.vcxproj", "{BC361626-43B8-4E0A-8DE6-15791AF8EF80}"
EndProject
Project("{8BC9CEB8-8B4A-11D0-8D11-00A0C91BC942}") = "Section15ChallengeInheritance", "..\Section15ChallengeInheritance\Section15ChallengeInheritance.vcxproj", "{E5D5154B-0C62-487C-A903-942930C709E4}"
EndProject
Project("{8BC9CEB8-8B4A-11D0-8D11-00A0C91BC942}") = "Section16ChallengePolymorphism", "..\Section16ChallengePolymorphism\Section16ChallengePolymorphism.vcxproj", "{743A18A9-6395-4DF9-8E86-F44553CAA729}"
EndProject
Global
	GlobalSection(SolutionConfigurationPlatforms) = preSolution
		Debug|x64 = Debug|x64
		Debug|x86 = Debug|x86
		Release|x64 = Release|x64
		Release|x86 = Release|x86
	EndGlobalSection
	GlobalSection(ProjectConfigurationPlatforms) = postSolution
		{CF4E7435-B2BC-4043-8BA3-BC41C919804F}.Debug|x64.ActiveCfg = Debug|x64
		{CF4E7435-B2BC-4043-8BA3-BC41C919804F}.Debug|x64.Build.0 = Debug|x64
		{CF4E7435-B2BC-4043-8BA3-BC41C919804F}.Debug|x86.ActiveCfg = Debug|Win32
		{CF4E7435-B2BC-4043-8BA3-BC41C919804F}.Debug|x86.Build.0 = Debug|Win32
		{CF4E7435-B2BC-4043-8BA3-BC41C919804F}.Release|x64.ActiveCfg = Release|x64
		{CF4E7435-B2BC-4043-8BA3-BC41C919804F}.Release|x64.Build.0 = Release|x64
		{CF4E7435-B2BC-4043-8BA3-BC41C919804F}.Release|x86.ActiveCfg = Release|Win32
		{CF4E7435-B2BC-4043-8BA3-BC41C919804F}.Release|x86.Build.0 = Release|Win32
		{C51EACAB-AAEC-4E68-B846-BCAD9E408D3F}.Debug|x64.ActiveCfg = Debug|x64
		{C51EACAB-AAEC-4E68-B846-BCAD9E408D3F}.Debug|x64.Build.0 = Debug|x64
		{C51EACAB-AAEC-4E68-B846-BCAD9E408D3F}.Debug|x86.ActiveCfg = Debug|Win32
		{C51EACAB-AAEC-4E68-B846-BCAD9E408D3F}.Debug|x86.Build.0 = Debug|Win32
		{C51EACAB-AAEC-4E68-B846-BCAD9E408D3F}.Release|x64.ActiveCfg = Release|x64
		{C51EACAB-AAEC-4E68-B846-BCAD9E408D3F}.Release|x64.Build.0 = Release|x64
		{C51EACAB-AAEC-4E68-B846-BCAD9E408D3F}.Release|x86.ActiveCfg = Release|Win32
		{C51EACAB-AAEC-4E68-B846-BCAD9E408D3F}.Release|x86.Build.0 = Release|Win32
		{DBBE5DA5-9638-4C6F-B5A6-94644A59D8E8}.Debug|x64.ActiveCfg = Debug|x64
		{DBBE5DA5-9638-4C6F-B5A6-94644A59D8E8}.Debug|x64.Build.0 = Debug|x64
		{DBBE5DA5-9638-4C6F-B5A6-94644A59D8E8}.Debug|x86.ActiveCfg = Debug|Win32
		{DBBE5DA5-9638-4C6F-B5A6-94644A59D8E8}.Debug|x86.Build.0 = Debug|Win32
		{DBBE5DA5-9638-4C6F-B5A6-94644A59D8E8}.Release|x64.ActiveCfg = Release|x64
		{DBBE5DA5-9638-4C6F-B5A6-94644A59D8E8}.Release|x64.Build.0 = Release|x64
		{DBBE5DA5-9638-4C6F-B5A6-94644A59D8E8}.Release|x86.ActiveCfg = Release|Win32
		{DBBE5DA5-9638-4C6F-B5A6-94644A59D8E8}.Release|x86.Build.0 = Release|Win32
		{43D78054-F057-4439-B8E4-05CB1496915F}.Debug|x64.ActiveCfg = Debug|x64
		{43D78054-F057-4439-B8E4-05CB1496915F}.Debug|x64.Build.0 = Debug|x64
		{43D78054-F057-4439-B8E4-05CB1496915F}.Debug|x86.ActiveCfg = Debug|Win32
		{43D78054-F057-4439-B8E4-05CB1496915F}.Debug|x86.Build.0 = Debug|Win32
		{43D78054-F057-4439-B8E4-05CB1496915F}.Release|x64.ActiveCfg = Release|x64
		{43D78054-F057-4439-B8E4-05CB1496915F}.Release|x64.Build.0 = Release|x64
		{43D78054-F057-4439-B8E4-05CB1496915F}.Release|x86.ActiveCfg = Release|Win32
		{43D78054-F057-4439-B8E4-05CB1496915F}.Release|x86.Build.0 = Release|Win32
		{5990B9C8-5513-438E-AA33-6D4DE5EFEC12}.Debug|x64.ActiveCfg = Debug|x64
		{5990B9C8-5513-438E-AA33-6D4DE5EFEC12}.Debug|x64.Build.0 = Debug|x64
		{5990B9C8-5513-438E-AA33-6D4DE5EFEC12}.Debug|x86.ActiveCfg = Debug|Win32
		{5990B9C8-5513-438E-AA33-6D4DE5EFEC12}.Debug|x86.Build.0 = Debug|Win32
		{5990B9C8-5513-438E-AA33-6D4DE5EFEC12}.Release|x64.ActiveCfg = Release|x64
		{5990B9C8-5513-438E-AA33-6D4DE5EFEC12}.Release|x64.Build.0 = Release|x64
		{5990B9C8-5513-438E-AA33-6D4DE5EFEC12}.Release|x86.ActiveCfg = Release|Win32
		{5990B9C8-5513-438E-AA33-6D4DE5EFEC12}.Release|x86.Build.0 = Release|Win32
		{5A7AB56F-9CD2-440D-B87B-3B655DCF0E50}.Debug|x64.ActiveCfg = Debug|x64
		{5A7AB56F-9CD2-440D-B87B-3B655DCF0E50}.Debug|x64.Build.0 = Debug|x64
		{5A7AB56F-9CD2-440D-B87B-3B655DCF0E50}.Debug|x86.ActiveCfg = Debug|Win32
		{5A7AB56F-9CD2-440D-B87B-3B655DCF0E50}.Debug|x86.Build.0 = Debug|Win32
		{5A7AB56F-9CD2-440D-B87B-3B655DCF0E50}.Release|x64.ActiveCfg = Release|x64
		{5A7AB56F-9CD2-440D-B87B-3B655DCF0E50}.Release|x64.Build.0 = Release|x64
		{5A7AB56F-9CD2-440D-B87B-3B655DCF0E50}.Release|x86.ActiveCfg = Release|Win32
		{5A7AB56F-9CD2-440D-B87B-3B655DCF0E50}.Release|x86.Build.0 = Release|Win32
		{DA61E439-595B-49EC-BCE9-C4A7D9D81A7E}.Debug|x64.ActiveCfg = Debug|x64
		{DA61E439-595B-49EC-BCE9-C4A7D9D81A7E}.Debug|x64.Build.0 = Debug|x64
		{DA61E439-595B-49EC-BCE9-C4A7D9D81A7E}.Debug|x86.ActiveCfg = Debug|Win32
		{DA61E439-595B-49EC-BCE9-C4A7D9D81A7E}.Debug|x86.Build.0 = Debug|Win32
		{DA61E439-595B-49EC-BCE9-C4A7D9D81A7E}.Release|x64.ActiveCfg = Release|x64
		{DA61E439-595B-49EC-BCE9-C4A7D9D81A7E}.Release|x64.Build.0 = Release|x64
		{DA61E439-595B-49EC-BCE9-C4A7D9D81A7E}.Release|x86.ActiveCfg = Release|Win32
		{DA61E439-595B-49EC-BCE9-C4A7D9D81A7E}.Release|x86.Build.0 = Release|Win32
		{3733377D-07D0-442C-9F5C-4121B4164EC9}.Debug|x64.ActiveCfg = Debug|x64
		{3733377D-07D0-442C-9F5C-4121B4164EC9}.Debug|x64.Build.0 = Debug|x64
		{3733377D-07D0-442C-9F5C-4121B4164EC9}.Debug|x86.ActiveCfg = Debug|Win32
		{3733377D-07D0-442C-9F5C-4121B4164EC9}.Debug|x86.Build.0 = Debug|Win32
		{3733377D-07D0-442C-9F5C-4121B4164EC9}.Release|x64.ActiveCfg = Release|x64
		{3733377D-07D0-442C-9F5C-4121B4164EC9}.Release|x64.Build.0 = Release|x64
		{3733377D-07D0-442C-9F5C-4121B4164EC9}.Release|x86.ActiveCfg = Release|Win32
		{3733377D-07D0-442C-9F5C-4121B4164EC9}.Release|x86.Build.0 = Release|Win32
		{41295AE2-DDB7-4A9A-AADC-08EB29C675D6}.Debug|x64.ActiveCfg = Debug|x64
		{41295AE2-DDB7-4A9A-AADC-08EB29C675D6}.Debug|x64.Build.0 = Debug|x64
		{41295AE2-DDB7-4A9A-AADC-08EB29C675D6}.Debug|x86.ActiveCfg = Debug|Win32
		{41295AE2-DDB7-4A9A-AADC-08EB29C675D6}.Debug|x86.Build.0 = Debug|Win32
		{41295AE2-DDB7-4A9A-AADC-08EB29C675D6}.Release|x64.ActiveCfg = Release|x64
		{41295AE2-DDB7-4A9A-AADC-08EB29C675D6}.Release|x64.Build.0 = Release|x64
		{41295AE2-DDB7-4A9A-AADC-08EB29C675D6}.Release|x86.ActiveCfg = Release|Win32
		{41295AE2-DDB7-4A9A-AADC-08EB29C675D6}.Release|x86.Build.0 = Release|Win32
		{BC361626-43B8-4E0A-8DE6-15791AF8EF80}.Debug|x64.ActiveCfg = Debug|x64
		{BC361626-43B8-4E0A-8DE6-15791AF8EF80}.Debug|x64.Build.0 = Debug|x64
		{BC361626-43B8-4E0A-8DE6-15791AF8EF80}.Debug|x86.ActiveCfg = Debug|Win32
		{BC361626-43B8-4E0A-8DE6-15791AF8EF80}.Debug|x86.Build.0 = Debug|Win32
		{BC361626-43B8-4E0A-8DE6-15791AF8EF80}.Release|x64.ActiveCfg = Release|x64
		{BC361626-43B8-4E0A-8DE6-15791AF8EF80}.Release|x64.Build.0 = Release|x64
		{BC361626-43B8-4E0A-8DE6-15791AF8EF80}.Release|x86.ActiveCfg = Release|Win32
		{BC361626-43B8-4E0A-8DE6-15791AF8EF80}.Release|x86.Build.0 = Release|Win32
		{E5D5154B-0C62-487C-A903-942930C709E4}.Debug|x64.ActiveCfg = Debug|x64
		{E5D5154B-0C62-487C-A903-942930C709E4}.Debug|x64.Build.0 = Debug|x64
		{E5D5154B-0C62-487C-A903-942930C709E4}.Debug|x86.ActiveCfg = Debug|Win32
		{E5D5154B-0C62-487C-A903-942930C709E4}.Debug|x86.Build.0 = Debug|Win32
		{E5D5154B-0C62-487C-A903-942930C709E4}.Release|x64.ActiveCfg = Release|x64
		{E5D5154B-0C62-487C-A903-942930C709E4}.Release|x64.Build.0 = Release|x64
		{E5D5154B-0C62-487C-A903-942930C709E4}.Release|x86.ActiveCfg = Release|Win32
		{E5D5154B-0C62-487C-A903-942930C709E4}.Release|x86.Build.0 = Release|Win32
		{743A18A9-6395-4DF9-8E86-F44553CAA729}.Debug|x64.ActiveCfg = Debug|x64
		{743A18A9-6395-4DF9-8E86-F44553CAA729}.Debug|x64.Build.0 = Debug|x64
		{743A18A9-6395-4DF9-8E86-F44553CAA729}.Debug|x86.ActiveCfg = Debug|Win32
		{743A18A9-6395-4DF9-8E86-F44553CAA729}.Debug|x86.Build.0 = Debug|Win32
		{743A18A9-6395-4DF9-8E86-F44553CAA729}.Release|x64.ActiveCfg = Release|x64
		{743A18A9-6395-4DF9-8E86-F44553CAA729}.Release|x64.Build.0 = Release|x64
		{743A18A9-6395-4DF9-8E86-F44553CAA729}.Release|x86.ActiveCfg = Release|Win32
		{743A18A9-6395-4DF9-8E86-F44553CAA729}.Release|x86.Build.0 = Release|Win32
	EndGlobalSection
	GlobalSection(SolutionProperties) = preSolution
		HideSolutionNode = FALSE
	EndGlobalSection
	GlobalSection(ExtensibilityGlobals) = postSolution
		SolutionGuid = {CE7D3EB0-0C5D-4F46-951D-36F671DA266C}
	EndGlobalSection
EndGlobal
